
Microsoft Visual Studio Solution File, Format Version 12.00
# Visual Studio Version 17
VisualStudioVersion = 17.11.35327.3
MinimumVisualStudioVersion = 10.0.40219.1
Project("{FAE04EC0-301F-11D3-BF4B-00C04F79EFBC}") = "GameOfDrones", "GameOfDrones\GameOfDrones.csproj", "{2C2BEA79-1E2C-4C03-8718-CF1F5176E6DB}"
EndProject
Project("{9A19103F-16F7-4668-BE54-9A1E7A4F7556}") = "Domain", "Domain\Domain.csproj", "{9049C8D3-78A5-498F-AA83-70831A4745F4}"
EndProject
Global
	GlobalSection(SolutionConfigurationPlatforms) = preSolution
		Debug|Any CPU = Debug|Any CPU
		Release|Any CPU = Release|Any CPU
	EndGlobalSection
	GlobalSection(ProjectConfigurationPlatforms) = postSolution
		{2C2BEA79-1E2C-4C03-8718-CF1F5176E6DB}.Debug|Any CPU.ActiveCfg = Debug|Any CPU
		{2C2BEA79-1E2C-4C03-8718-CF1F5176E6DB}.Debug|Any CPU.Build.0 = Debug|Any CPU
		{2C2BEA79-1E2C-4C03-8718-CF1F5176E6DB}.Release|Any CPU.ActiveCfg = Release|Any CPU
		{2C2BEA79-1E2C-4C03-8718-CF1F5176E6DB}.Release|Any CPU.Build.0 = Release|Any CPU
		{9049C8D3-78A5-498F-AA83-70831A4745F4}.Debug|Any CPU.ActiveCfg = Debug|Any CPU
		{9049C8D3-78A5-498F-AA83-70831A4745F4}.Debug|Any CPU.Build.0 = Debug|Any CPU
		{9049C8D3-78A5-498F-AA83-70831A4745F4}.Release|Any CPU.ActiveCfg = Release|Any CPU
		{9049C8D3-78A5-498F-AA83-70831A4745F4}.Release|Any CPU.Build.0 = Release|Any CPU
	EndGlobalSection
	GlobalSection(SolutionProperties) = preSolution
		HideSolutionNode = FALSE
	EndGlobalSection
	GlobalSection(ExtensibilityGlobals) = postSolution
		SolutionGuid = {B2A3D796-A815-4693-9B61-B7FDD8812B15}
	EndGlobalSection
EndGlobal
